<?xml version="1.0" encoding="utf-8"?>
<Project ToolsVersion="4.0" xmlns="http://schemas.microsoft.com/developer/msbuild/2003">
  <ItemGroup>
    <ClCompile Include="GameObject.cpp">
      <Filter>BaseClasses</Filter>
    </ClCompile>
    <ClCompile Include="Subject.cpp">
      <Filter>BaseClasses</Filter>
    </ClCompile>
    <ClCompile Include="MoveCommand.cpp">
      <Filter>Commands</Filter>
    </ClCompile>
    <ClCompile Include="InfoCommand.cpp">
      <Filter>Commands</Filter>
    </ClCompile>
    <ClCompile Include="..\3rdParty\imgui\imgui_demo.cpp">
      <Filter>Imgui</Filter>
    </ClCompile>
    <ClCompile Include="..\3rdParty\imgui\imgui_draw.cpp">
      <Filter>Imgui</Filter>
    </ClCompile>
    <ClCompile Include="..\3rdParty\imgui\backends\imgui_impl_opengl2.cpp">
      <Filter>Imgui</Filter>
    </ClCompile>
    <ClCompile Include="..\3rdParty\imgui\backends\imgui_impl_sdl2.cpp">
      <Filter>Imgui</Filter>
    </ClCompile>
    <ClCompile Include="..\3rdParty\imgui\imgui_plot.cpp">
      <Filter>Imgui</Filter>
    </ClCompile>
    <ClCompile Include="..\3rdParty\imgui\imgui_tables.cpp">
      <Filter>Imgui</Filter>
    </ClCompile>
    <ClCompile Include="..\3rdParty\imgui\imgui_widgets.cpp">
      <Filter>Imgui</Filter>
    </ClCompile>
    <ClCompile Include="ImGuiInfoComponent.cpp">
      <Filter>Imgui</Filter>
    </ClCompile>
    <ClCompile Include="..\3rdParty\imgui\imgui.cpp">
      <Filter>Imgui</Filter>
    </ClCompile>
    <ClCompile Include="InputManager.cpp">
      <Filter>Managers</Filter>
    </ClCompile>
    <ClCompile Include="TimeManager.cpp">
      <Filter>Managers</Filter>
    </ClCompile>
    <ClCompile Include="SceneManager.cpp">
      <Filter>Managers</Filter>
    </ClCompile>
    <ClCompile Include="ResourceManager.cpp">
      <Filter>Managers</Filter>
    </ClCompile>
    <ClCompile Include="GamepadImpl.cpp">
      <Filter>Input</Filter>
    </ClCompile>
    <ClCompile Include="KeyBoardImpl.cpp">
      <Filter>Input</Filter>
    </ClCompile>
    <ClCompile Include="RenderComponent.cpp">
      <Filter>Components</Filter>
    </ClCompile>
    <ClCompile Include="MoveComponent.cpp">
      <Filter>Components</Filter>
    </ClCompile>
    <ClCompile Include="FPSCounter.cpp">
      <Filter>Components</Filter>
    </ClCompile>
    <ClCompile Include="TextComponent.cpp">
      <Filter>Components</Filter>
    </ClCompile>
    <ClCompile Include="Transform.cpp">
      <Filter>Components</Filter>
    </ClCompile>
    <ClCompile Include="TrashTheCacheComponent.cpp">
      <Filter>Components</Filter>
    </ClCompile>
    <ClCompile Include="Rotator.cpp">
      <Filter>Components</Filter>
    </ClCompile>
    <ClCompile Include="D2DEngine.cpp">
      <Filter>EngineFiles</Filter>
    </ClCompile>
    <ClCompile Include="Main.cpp">
      <Filter>EngineFiles</Filter>
    </ClCompile>
    <ClCompile Include="Renderer.cpp">
      <Filter>EngineFiles</Filter>
    </ClCompile>
    <ClCompile Include="Font.cpp">
      <Filter>Misc</Filter>
    </ClCompile>
    <ClCompile Include="Texture2D.cpp">
      <Filter>Misc</Filter>
    </ClCompile>
    <ClCompile Include="Scene.cpp">
      <Filter>EngineFiles</Filter>
    </ClCompile>
  </ItemGroup>
  <ItemGroup>
    <ClInclude Include="Command.h">
      <Filter>BaseClasses</Filter>
    </ClInclude>
    <ClInclude Include="Component.h">
      <Filter>BaseClasses</Filter>
    </ClInclude>
    <ClInclude Include="Event.h">
      <Filter>BaseClasses</Filter>
    </ClInclude>
    <ClInclude Include="GameObject.h">
      <Filter>BaseClasses</Filter>
    </ClInclude>
    <ClInclude Include="Subject.h">
      <Filter>BaseClasses</Filter>
    </ClInclude>
    <ClInclude Include="Observer.h">
      <Filter>BaseClasses</Filter>
    </ClInclude>
    <ClInclude Include="MoveCommand.h">
      <Filter>Commands</Filter>
    </ClInclude>
    <ClInclude Include="InfoCommand.h">
      <Filter>Commands</Filter>
    </ClInclude>
    <ClInclude Include="..\3rdParty\imgui\backends\imgui_impl_opengl2.h">
      <Filter>Imgui</Filter>
    </ClInclude>
    <ClInclude Include="..\3rdParty\imgui\backends\imgui_impl_sdl2.h">
      <Filter>Imgui</Filter>
    </ClInclude>
    <ClInclude Include="..\3rdParty\imgui\imgui_internal.h">
      <Filter>Imgui</Filter>
    </ClInclude>
    <ClInclude Include="..\3rdParty\imgui\imgui_plot.h">
      <Filter>Imgui</Filter>
    </ClInclude>
    <ClInclude Include="ImGuiInfoComponent.h">
      <Filter>Imgui</Filter>
    </ClInclude>
    <ClInclude Include="..\3rdParty\imgui\imstb_rectpack.h">
      <Filter>Imgui</Filter>
    </ClInclude>
    <ClInclude Include="..\3rdParty\imgui\imstb_textedit.h">
      <Filter>Imgui</Filter>
    </ClInclude>
    <ClInclude Include="..\3rdParty\imgui\imstb_truetype.h">
      <Filter>Imgui</Filter>
    </ClInclude>
    <ClInclude Include="..\3rdParty\imgui\imgui.h">
      <Filter>Imgui</Filter>
    </ClInclude>
    <ClInclude Include="InputManager.h">
      <Filter>Managers</Filter>
    </ClInclude>
    <ClInclude Include="TimeManager.h">
      <Filter>Managers</Filter>
    </ClInclude>
    <ClInclude Include="SceneManager.h">
      <Filter>Managers</Filter>
    </ClInclude>
    <ClInclude Include="ResourceManager.h">
      <Filter>Managers</Filter>
    </ClInclude>
    <ClInclude Include="GamePad.h">
      <Filter>Input</Filter>
    </ClInclude>
    <ClInclude Include="GamepadImpl.h">
      <Filter>Input</Filter>
    </ClInclude>
    <ClInclude Include="KeyBoard.h">
      <Filter>Input</Filter>
    </ClInclude>
    <ClInclude Include="KeyBoardImpl.h">
      <Filter>Input</Filter>
    </ClInclude>
    <ClInclude Include="RenderComponent.h">
      <Filter>Components</Filter>
    </ClInclude>
    <ClInclude Include="MoveComponent.h">
      <Filter>Components</Filter>
    </ClInclude>
    <ClInclude Include="FPSCounter.h">
      <Filter>Components</Filter>
    </ClInclude>
    <ClInclude Include="TextComponent.h">
      <Filter>Components</Filter>
    </ClInclude>
    <ClInclude Include="Transform.h">
      <Filter>Components</Filter>
    </ClInclude>
    <ClInclude Include="TrashTheCacheComponent.h">
      <Filter>Components</Filter>
    </ClInclude>
    <ClInclude Include="Rotator.h">
      <Filter>Components</Filter>
    </ClInclude>
    <ClInclude Include="D2DEngine.h">
      <Filter>EngineFiles</Filter>
    </ClInclude>
    <ClInclude Include="Renderer.h">
      <Filter>EngineFiles</Filter>
    </ClInclude>
    <ClInclude Include="Singleton.h">
      <Filter>EngineFiles</Filter>
    </ClInclude>
    <ClInclude Include="Texture2D.h">
      <Filter>Misc</Filter>
    </ClInclude>
    <ClInclude Include="Font.h">
      <Filter>Misc</Filter>
    </ClInclude>
    <ClInclude Include="Enums.h">
      <Filter>EngineFiles</Filter>
    </ClInclude>
    <ClInclude Include="..\3rdParty\imgui\imconfig.h">
      <Filter>Imgui</Filter>
    </ClInclude>
    <ClInclude Include="Scene.h">
      <Filter>EngineFiles</Filter>
    </ClInclude>
    <ClInclude Include="DemoScene.h" />
  </ItemGroup>
  <ItemGroup>
    <Filter Include="BaseClasses">
      <UniqueIdentifier>{f03d44cb-d55e-45f1-b340-e5da49e68a37}</UniqueIdentifier>
    </Filter>
    <Filter Include="Commands">
      <UniqueIdentifier>{8321a955-5690-434f-90f8-42a749ca24d2}</UniqueIdentifier>
    </Filter>
    <Filter Include="Imgui">
      <UniqueIdentifier>{e994dae1-6fae-4ce8-93a2-e1e35bfcd7db}</UniqueIdentifier>
    </Filter>
    <Filter Include="Managers">
      <UniqueIdentifier>{e41baa77-5c4b-41f1-b8d8-9893b761ff36}</UniqueIdentifier>
    </Filter>
    <Filter Include="Input">
      <UniqueIdentifier>{4ab728d6-0ffb-4449-8dbf-db39f806f7b8}</UniqueIdentifier>
    </Filter>
    <Filter Include="Components">
      <UniqueIdentifier>{1e798cc7-ebb6-4960-bbc2-eeb950eed043}</UniqueIdentifier>
    </Filter>
    <Filter Include="EngineFiles">
      <UniqueIdentifier>{ef7511d4-b57b-4ca5-ad44-bb3e8abf590c}</UniqueIdentifier>
    </Filter>
    <Filter Include="Misc">
      <UniqueIdentifier>{d67a5d3c-5629-4bec-b4a9-3b298189a3d0}</UniqueIdentifier>
    </Filter>
  </ItemGroup>
</Project>