<?xml version="1.0" encoding="utf-8"?>
<Project ToolsVersion="4.0" xmlns="http://schemas.microsoft.com/developer/msbuild/2003">
  <ItemGroup>
    <Filter Include="Resource Files">
      <UniqueIdentifier>{67DA6AB6-F800-4c08-8B7A-83BB121AAD01}</UniqueIdentifier>
      <Extensions>rc;ico;cur;bmp;dlg;rc2;rct;bin;rgs;gif;jpg;jpeg;jpe;resx;tiff;tif;png;wav;mfcribbon-ms</Extensions>
    </Filter>
    <Filter Include="Managers">
      <UniqueIdentifier>{9cfea55e-97d1-4757-9d20-9dec07164fa2}</UniqueIdentifier>
    </Filter>
    <Filter Include="TextureAndFont">
      <UniqueIdentifier>{4e1206ee-3300-47a1-9cf9-5366da8fa37e}</UniqueIdentifier>
    </Filter>
    <Filter Include="Game Files">
      <UniqueIdentifier>{4FC737F1-C7A5-4376-A066-2A32D752A2FF}</UniqueIdentifier>
      <Extensions>cpp;c;cc;cxx;def;odl;idl;hpj;bat;asm;asmx</Extensions>
    </Filter>
    <Filter Include="Components">
      <UniqueIdentifier>{6a9c30fa-1a38-4cef-8c21-e80d439abc9b}</UniqueIdentifier>
    </Filter>
    <Filter Include="Components\IMGui Components">
      <UniqueIdentifier>{3ed75ef0-59c8-4d31-a85a-bd5123e9c24f}</UniqueIdentifier>
    </Filter>
    <Filter Include="Base classes">
      <UniqueIdentifier>{761229c3-7798-495d-bce0-ed990c0d3872}</UniqueIdentifier>
    </Filter>
    <Filter Include="Commands">
      <UniqueIdentifier>{b373de61-0b8f-4790-91d1-684f6f7d558e}</UniqueIdentifier>
    </Filter>
    <Filter Include="Managers\Imgui">
      <UniqueIdentifier>{bf957e20-9289-4306-ab9c-091403f01ba9}</UniqueIdentifier>
    </Filter>
    <Filter Include="Input">
      <UniqueIdentifier>{a0f82f88-ce99-437d-b4aa-0c0ee6b53d14}</UniqueIdentifier>
    </Filter>
  </ItemGroup>
  <ItemGroup>
    <ClInclude Include="ResourceManager.h">
      <Filter>Managers</Filter>
    </ClInclude>
    <ClInclude Include="SceneManager.h">
      <Filter>Managers</Filter>
    </ClInclude>
    <ClInclude Include="Time.h">
      <Filter>Managers</Filter>
    </ClInclude>
    <ClInclude Include="GameObject.h">
      <Filter>Base classes</Filter>
    </ClInclude>
    <ClInclude Include="Component.h">
      <Filter>Base classes</Filter>
    </ClInclude>
    <ClInclude Include="Texture2D.h">
      <Filter>TextureAndFont</Filter>
    </ClInclude>
    <ClInclude Include="Font.h">
      <Filter>TextureAndFont</Filter>
    </ClInclude>
    <ClInclude Include="Transform.h">
      <Filter>Components</Filter>
    </ClInclude>
    <ClInclude Include="TextComponent.h">
      <Filter>Components</Filter>
    </ClInclude>
    <ClInclude Include="FPSCounter.h">
      <Filter>Components</Filter>
    </ClInclude>
    <ClInclude Include="Rotator.h">
      <Filter>Components</Filter>
    </ClInclude>
    <ClInclude Include="..\3rdParty\imgui\imconfig.h">
      <Filter>Managers\Imgui</Filter>
    </ClInclude>
    <ClInclude Include="..\3rdParty\imgui\imgui.h">
      <Filter>Managers\Imgui</Filter>
    </ClInclude>
    <ClInclude Include="..\3rdParty\imgui\imgui_internal.h">
      <Filter>Managers\Imgui</Filter>
    </ClInclude>
    <ClInclude Include="..\3rdParty\imgui\imstb_rectpack.h">
      <Filter>Managers\Imgui</Filter>
    </ClInclude>
    <ClInclude Include="..\3rdParty\imgui\imstb_textedit.h">
      <Filter>Managers\Imgui</Filter>
    </ClInclude>
    <ClInclude Include="..\3rdParty\imgui\imstb_truetype.h">
      <Filter>Managers\Imgui</Filter>
    </ClInclude>
    <ClInclude Include="..\3rdParty\imgui\backends\imgui_impl_opengl2.h">
      <Filter>Managers\Imgui</Filter>
    </ClInclude>
    <ClInclude Include="..\3rdParty\imgui\backends\imgui_impl_sdl2.h">
      <Filter>Managers\Imgui</Filter>
    </ClInclude>
    <ClInclude Include="..\3rdParty\imgui\imgui_plot.h">
      <Filter>Managers\Imgui</Filter>
    </ClInclude>
    <ClInclude Include="Minigin.h">
      <Filter>Game Files</Filter>
    </ClInclude>
    <ClInclude Include="Renderer.h">
      <Filter>Game Files</Filter>
    </ClInclude>
    <ClInclude Include="Scene.h">
      <Filter>Game Files</Filter>
    </ClInclude>
    <ClInclude Include="Singleton.h">
      <Filter>Game Files</Filter>
    </ClInclude>
    <ClInclude Include="RenderComponent.h">
      <Filter>Components</Filter>
    </ClInclude>
    <ClInclude Include="TrashTheCacheComponent.h">
      <Filter>Components\IMGui Components</Filter>
    </ClInclude>
    <ClInclude Include="ImGuiInfoComponent.h">
      <Filter>Components\IMGui Components</Filter>
    </ClInclude>
    <ClInclude Include="Command.h">
      <Filter>Base classes</Filter>
    </ClInclude>
    <ClInclude Include="MoveComponent.h">
      <Filter>Components</Filter>
    </ClInclude>
    <ClInclude Include="KeyBoard.h">
      <Filter>Input</Filter>
    </ClInclude>
    <ClInclude Include="GamePad.h">
      <Filter>Input</Filter>
    </ClInclude>
    <ClInclude Include="KeyBoardImpl.h">
      <Filter>Input</Filter>
    </ClInclude>
    <ClInclude Include="MoveCommand.h">
      <Filter>Commands</Filter>
    </ClInclude>
    <ClInclude Include="InputManager.h">
      <Filter>Input</Filter>
    </ClInclude>
    <ClInclude Include="GamepadImpl.h">
      <Filter>Input</Filter>
    </ClInclude>
    <ClInclude Include="Enums.h">
      <Filter>Input</Filter>
    </ClInclude>
    <ClInclude Include="InfoCommand.h">
      <Filter>Commands</Filter>
    </ClInclude>
  </ItemGroup>
  <ItemGroup>
    <ClCompile Include="Renderer.cpp">
      <Filter>Game Files</Filter>
    </ClCompile>
    <ClCompile Include="Scene.cpp">
      <Filter>Game Files</Filter>
    </ClCompile>
    <ClCompile Include="Main.cpp">
      <Filter>Game Files</Filter>
    </ClCompile>
    <ClCompile Include="ResourceManager.cpp">
      <Filter>Managers</Filter>
    </ClCompile>
    <ClCompile Include="SceneManager.cpp">
      <Filter>Managers</Filter>
    </ClCompile>
    <ClCompile Include="Time.cpp">
      <Filter>Managers</Filter>
    </ClCompile>
    <ClCompile Include="GameObject.cpp">
      <Filter>Base classes</Filter>
    </ClCompile>
    <ClCompile Include="Texture2D.cpp">
      <Filter>TextureAndFont</Filter>
    </ClCompile>
    <ClCompile Include="Font.cpp">
      <Filter>TextureAndFont</Filter>
    </ClCompile>
    <ClCompile Include="Minigin.cpp">
      <Filter>Game Files</Filter>
    </ClCompile>
    <ClCompile Include="Transform.cpp">
      <Filter>Components</Filter>
    </ClCompile>
    <ClCompile Include="TextComponent.cpp">
      <Filter>Components</Filter>
    </ClCompile>
    <ClCompile Include="FPSCounter.cpp">
      <Filter>Components</Filter>
    </ClCompile>
    <ClCompile Include="Rotator.cpp">
      <Filter>Components</Filter>
    </ClCompile>
    <ClCompile Include="..\3rdParty\imgui\imgui.cpp">
      <Filter>Managers\Imgui</Filter>
    </ClCompile>
    <ClCompile Include="..\3rdParty\imgui\imgui_demo.cpp">
      <Filter>Managers\Imgui</Filter>
    </ClCompile>
    <ClCompile Include="..\3rdParty\imgui\imgui_draw.cpp">
      <Filter>Managers\Imgui</Filter>
    </ClCompile>
    <ClCompile Include="..\3rdParty\imgui\imgui_tables.cpp">
      <Filter>Managers\Imgui</Filter>
    </ClCompile>
    <ClCompile Include="..\3rdParty\imgui\imgui_widgets.cpp">
      <Filter>Managers\Imgui</Filter>
    </ClCompile>
    <ClCompile Include="..\3rdParty\imgui\backends\imgui_impl_opengl2.cpp">
      <Filter>Managers\Imgui</Filter>
    </ClCompile>
    <ClCompile Include="..\3rdParty\imgui\backends\imgui_impl_sdl2.cpp">
      <Filter>Managers\Imgui</Filter>
    </ClCompile>
    <ClCompile Include="..\3rdParty\imgui\imgui_plot.cpp">
      <Filter>Managers\Imgui</Filter>
    </ClCompile>
    <ClCompile Include="RenderComponent.cpp">
      <Filter>Components</Filter>
    </ClCompile>
    <ClCompile Include="TrashTheCacheComponent.cpp">
      <Filter>Components\IMGui Components</Filter>
    </ClCompile>
    <ClCompile Include="ImGuiInfoComponent.cpp">
      <Filter>Components\IMGui Components</Filter>
    </ClCompile>
    <ClCompile Include="MoveComponent.cpp">
      <Filter>Components</Filter>
    </ClCompile>
    <ClCompile Include="KeyBoardImpl.cpp">
      <Filter>Input</Filter>
    </ClCompile>
    <ClCompile Include="MoveCommand.cpp">
      <Filter>Commands</Filter>
    </ClCompile>
    <ClCompile Include="InputManager.cpp">
      <Filter>Input</Filter>
    </ClCompile>
    <ClCompile Include="GamepadImpl.cpp">
      <Filter>Input</Filter>
    </ClCompile>
    <ClCompile Include="InfoCommand.cpp">
      <Filter>Commands</Filter>
    </ClCompile>
  </ItemGroup>
</Project>