<?xml version="1.0" encoding="utf-8"?>
<Project ToolsVersion="4.0" xmlns="http://schemas.microsoft.com/developer/msbuild/2003">
  <ItemGroup>
    <Filter Include="Source Files">
      <UniqueIdentifier>{4FC737F1-C7A5-4376-A066-2A32D752A2FF}</UniqueIdentifier>
      <Extensions>cpp;c;cc;cxx;c++;cppm;ixx;def;odl;idl;hpj;bat;asm;asmx</Extensions>
    </Filter>
    <Filter Include="Header Files">
      <UniqueIdentifier>{93995380-89BD-4b04-88EB-625FBE52EBFB}</UniqueIdentifier>
      <Extensions>h;hh;hpp;hxx;h++;hm;inl;inc;ipp;xsd</Extensions>
    </Filter>
    <Filter Include="Components">
      <UniqueIdentifier>{bbbecc62-0d3f-48f2-9b61-be08f80427e7}</UniqueIdentifier>
    </Filter>
    <Filter Include="Scenes">
      <UniqueIdentifier>{df0f6dbc-b01b-4e3e-be02-1baed6e10046}</UniqueIdentifier>
    </Filter>
    <Filter Include="Resource Files">
      <UniqueIdentifier>{67DA6AB6-F800-4c08-8B7A-83BB121AAD01}</UniqueIdentifier>
      <Extensions>rc;ico;cur;bmp;dlg;rc2;rct;bin;rgs;gif;jpg;jpeg;jpe;resx;tiff;tif;png;wav;mfcribbon-ms</Extensions>
    </Filter>
    <Filter Include="Events">
      <UniqueIdentifier>{84ebed88-9dc7-459b-8c54-60bea9f06910}</UniqueIdentifier>
    </Filter>
    <Filter Include="Commands">
      <UniqueIdentifier>{197ea037-639f-489c-9d79-44d207ff3e66}</UniqueIdentifier>
    </Filter>
  </ItemGroup>
  <ItemGroup>
    <ClCompile Include="Bomberman.cpp">
      <Filter>Source Files</Filter>
    </ClCompile>
    <ClCompile Include="PlayerComponent.cpp">
      <Filter>Components</Filter>
    </ClCompile>
    <ClCompile Include="LivesDisplayComponent.cpp">
      <Filter>Components</Filter>
    </ClCompile>
    <ClCompile Include="DebugCommand.cpp">
      <Filter>Commands</Filter>
    </ClCompile>
    <ClCompile Include="pch.cpp">
      <Filter>Header Files</Filter>
    </ClCompile>
    <ClCompile Include="PointsDisplay.cpp">
      <Filter>Components</Filter>
    </ClCompile>
    <ClCompile Include="BombManagerComponent.cpp">
      <Filter>Components</Filter>
    </ClCompile>
    <ClCompile Include="PlaceBombCommand.cpp">
      <Filter>Commands</Filter>
    </ClCompile>
  </ItemGroup>
  <ItemGroup>
    <ClInclude Include="BombermanScene.h">
      <Filter>Scenes</Filter>
    </ClInclude>
    <ClInclude Include="PlayerComponent.h">
      <Filter>Components</Filter>
    </ClInclude>
    <ClInclude Include="PlayerEvents.h">
      <Filter>Events</Filter>
    </ClInclude>
    <ClInclude Include="LivesDisplayComponent.h">
      <Filter>Components</Filter>
    </ClInclude>
    <ClInclude Include="DebugCommand.h">
      <Filter>Commands</Filter>
    </ClInclude>
    <ClInclude Include="pch.h">
      <Filter>Header Files</Filter>
    </ClInclude>
    <ClInclude Include="PointsDisplay.h">
      <Filter>Components</Filter>
    </ClInclude>
    <ClInclude Include="BombManagerComponent.h">
      <Filter>Components</Filter>
    </ClInclude>
    <ClInclude Include="PlaceBombCommand.h">
      <Filter>Commands</Filter>
    </ClInclude>
  </ItemGroup>
</Project>